Microsoft Visual Studio Solution File, Format Version 12.00
# Visual Studio Version 17
VisualStudioVersion = 17.5.2.0
MinimumVisualStudioVersion = 10.0.40219.1
Project("{FAE04EC0-301F-11D3-BF4B-00C04F79EFBC}") = "ReconheceAi.Api", "backend\ReconheceAi.Api.csproj", "{DA480DB3-CAA4-BC45-F431-63AA436F1EBD}"
EndProject
Global
	GlobalSection(SolutionConfigurationPlatforms) = preSolution
		Debug|Any CPU = Debug|Any CPU
		Release|Any CPU = Release|Any CPU
	EndGlobalSection
	GlobalSection(ProjectConfigurationPlatforms) = postSolution
		{DA480DB3-CAA4-BC45-F431-63AA436F1EBD}.Debug|Any CPU.ActiveCfg = Debug|Any CPU
		{DA480DB3-CAA4-BC45-F431-63AA436F1EBD}.Debug|Any CPU.Build.0 = Debug|Any CPU
		{DA480DB3-CAA4-BC45-F431-63AA436F1EBD}.Release|Any CPU.ActiveCfg = Release|Any CPU
		{DA480DB3-CAA4-BC45-F431-63AA436F1EBD}.Release|Any CPU.Build.0 = Release|Any CPU
	EndGlobalSection
	GlobalSection(SolutionProperties) = preSolution
		HideSolutionNode = FALSE
	EndGlobalSection
	GlobalSection(ExtensibilityGlobals) = postSolution
		SolutionGuid = {EAE11E6E-455D-4673-93EA-086B5499282C}
	EndGlobalSection
EndGlobal
